
Microsoft Visual Studio Solution File, Format Version 12.00
# Visual Studio Version 16
VisualStudioVersion = 16.0.33130.400
MinimumVisualStudioVersion = 10.0.40219.1
Project("{FAE04EC0-301F-11D3-BF4B-00C04F79EFBC}") = "ProtoSprite", "ProtoSprite.csproj", "{FED6AD40-261F-45F9-B079-AB0F4EB99B63}"
EndProject
Global
	GlobalSection(SolutionConfigurationPlatforms) = preSolution
		Debug|x64 = Debug|x64
	EndGlobalSection
	GlobalSection(ProjectConfigurationPlatforms) = postSolution
		{FED6AD40-261F-45F9-B079-AB0F4EB99B63}.Debug|x64.ActiveCfg = Debug|x64
		{FED6AD40-261F-45F9-B079-AB0F4EB99B63}.Debug|x64.Build.0 = Debug|x64
	EndGlobalSection
	GlobalSection(SolutionProperties) = preSolution
		HideSolutionNode = FALSE
	EndGlobalSection
	GlobalSection(ExtensibilityGlobals) = postSolution
		SolutionGuid = {CCD82CCC-C242-4B75-A62F-3A537ED005A8}
	EndGlobalSection
EndGlobal
