
Microsoft Visual Studio Solution File, Format Version 12.00
# Visual Studio Version 16
VisualStudioVersion = 16.0.31729.503
MinimumVisualStudioVersion = 10.0.40219.1
Project("{FAE04EC0-301F-11D3-BF4B-00C04F79EFBC}") = "Elevator_Manager", "Elevator_Manager.csproj", "{C9659AEC-FF83-44BF-951B-EBB5BA2BC565}"
EndProject
Global
	GlobalSection(SolutionConfigurationPlatforms) = preSolution
		Debug|x64 = Debug|x64
	EndGlobalSection
	GlobalSection(ProjectConfigurationPlatforms) = postSolution
		{C9659AEC-FF83-44BF-951B-EBB5BA2BC565}.Debug|x64.ActiveCfg = Debug|x64
		{C9659AEC-FF83-44BF-951B-EBB5BA2BC565}.Debug|x64.Build.0 = Debug|x64
	EndGlobalSection
	GlobalSection(SolutionProperties) = preSolution
		HideSolutionNode = FALSE
	EndGlobalSection
	GlobalSection(ExtensibilityGlobals) = postSolution
		SolutionGuid = {475A36BD-589D-47E9-91F5-2255020592FC}
	EndGlobalSection
EndGlobal
