
Microsoft Visual Studio Solution File, Format Version 12.00
# Visual Studio Version 16
VisualStudioVersion = 16.0.33529.622
MinimumVisualStudioVersion = 10.0.40219.1
Project("{FAE04EC0-301F-11D3-BF4B-00C04F79EFBC}") = "TestScript", "TestScript.csproj", "{DBC3194B-40DF-4D62-B11C-CD76ECED48CB}"
EndProject
Global
	GlobalSection(SolutionConfigurationPlatforms) = preSolution
		Debug|x64 = Debug|x64
	EndGlobalSection
	GlobalSection(ProjectConfigurationPlatforms) = postSolution
		{DBC3194B-40DF-4D62-B11C-CD76ECED48CB}.Debug|x64.ActiveCfg = Debug|x64
		{DBC3194B-40DF-4D62-B11C-CD76ECED48CB}.Debug|x64.Build.0 = Debug|x64
	EndGlobalSection
	GlobalSection(SolutionProperties) = preSolution
		HideSolutionNode = FALSE
	EndGlobalSection
	GlobalSection(ExtensibilityGlobals) = postSolution
		SolutionGuid = {B4A917D4-77C8-4F5D-A529-7701F980753E}
	EndGlobalSection
EndGlobal
