
Microsoft Visual Studio Solution File, Format Version 12.00
# Visual Studio Version 17
VisualStudioVersion = 17.7.34024.191
MinimumVisualStudioVersion = 10.0.40219.1
Project("{FAE04EC0-301F-11D3-BF4B-00C04F79EFBC}") = "Graphical Sorter Interface Program", "Graphical Sorter Interface Program.csproj", "{A3412C87-2EC9-470A-9F05-DDF6128DE3F2}"
EndProject
Global
	GlobalSection(SolutionConfigurationPlatforms) = preSolution
		Debug|x64 = Debug|x64
	EndGlobalSection
	GlobalSection(ProjectConfigurationPlatforms) = postSolution
		{A3412C87-2EC9-470A-9F05-DDF6128DE3F2}.Debug|x64.ActiveCfg = Debug|x64
		{A3412C87-2EC9-470A-9F05-DDF6128DE3F2}.Debug|x64.Build.0 = Debug|x64
	EndGlobalSection
	GlobalSection(SolutionProperties) = preSolution
		HideSolutionNode = FALSE
	EndGlobalSection
	GlobalSection(ExtensibilityGlobals) = postSolution
		SolutionGuid = {9D3EBB77-EC98-4DD6-9FA5-5AF2B2C4E5A1}
	EndGlobalSection
EndGlobal
